// !$*UTF8*$!
{
	archiveVersion = 1;
	classes = {
	};
	objectVersion = 50;
	objects = {

/* Begin PBXBuildFile section */
		AA5F8DE2217568A400613CD9 /* AppDelegate.swift in Sources */ = {isa = PBXBuildFile; fileRef = AA5F8DE1217568A400613CD9 /* AppDelegate.swift */; };
		AA5F8DE4217568A400613CD9 /* ViewController.swift in Sources */ = {isa = PBXBuildFile; fileRef = AA5F8DE3217568A400613CD9 /* ViewController.swift */; };
		AA5F8DE7217568A400613CD9 /* Main.storyboard in Resources */ = {isa = PBXBuildFile; fileRef = AA5F8DE5217568A400613CD9 /* Main.storyboard */; };
		AA5F8DE9217568A400613CD9 /* Assets.xcassets in Resources */ = {isa = PBXBuildFile; fileRef = AA5F8DE8217568A400613CD9 /* Assets.xcassets */; };
		AA5F8DEC217568A400613CD9 /* LaunchScreen.storyboard in Resources */ = {isa = PBXBuildFile; fileRef = AA5F8DEA217568A400613CD9 /* LaunchScreen.storyboard */; };
		AA7BFC882178513200D68A46 /* AdventurerDetailViewController.swift in Sources */ = {isa = PBXBuildFile; fileRef = AA7BFC872178513200D68A46 /* AdventurerDetailViewController.swift */; };
		AA8DCA592176DFE3007F08F1 /* assignment6.xcdatamodeld in Sources */ = {isa = PBXBuildFile; fileRef = AA8DCA572176DFE3007F08F1 /* assignment6.xcdatamodeld */; };
/* End PBXBuildFile section */

/* Begin PBXFileReference section */
		AA5F8DDE217568A400613CD9 /* assignment6.app */ = {isa = PBXFileReference; explicitFileType = wrapper.application; includeInIndex = 0; path = assignment6.app; sourceTree = BUILT_PRODUCTS_DIR; };
		AA5F8DE1217568A400613CD9 /* AppDelegate.swift */ = {isa = PBXFileReference; lastKnownFileType = sourcecode.swift; path = AppDelegate.swift; sourceTree = "<group>"; };
		AA5F8DE3217568A400613CD9 /* ViewController.swift */ = {isa = PBXFileReference; lastKnownFileType = sourcecode.swift; path = ViewController.swift; sourceTree = "<group>"; };
		AA5F8DE6217568A400613CD9 /* Base */ = {isa = PBXFileReference; lastKnownFileType = file.storyboard; name = Base; path = Base.lproj/Main.storyboard; sourceTree = "<group>"; };
		AA5F8DE8217568A400613CD9 /* Assets.xcassets */ = {isa = PBXFileReference; lastKnownFileType = folder.assetcatalog; path = Assets.xcassets; sourceTree = "<group>"; };
		AA5F8DEB217568A400613CD9 /* Base */ = {isa = PBXFileReference; lastKnownFileType = file.storyboard; name = Base; path = Base.lproj/LaunchScreen.storyboard; sourceTree = "<group>"; };
		AA5F8DED217568A400613CD9 /* Info.plist */ = {isa = PBXFileReference; lastKnownFileType = text.plist.xml; path = Info.plist; sourceTree = "<group>"; };
		AA7BFC872178513200D68A46 /* AdventurerDetailViewController.swift */ = {isa = PBXFileReference; lastKnownFileType = sourcecode.swift; path = AdventurerDetailViewController.swift; sourceTree = "<group>"; };
		AA8DCA582176DFE3007F08F1 /* assignment6.xcdatamodel */ = {isa = PBXFileReference; lastKnownFileType = wrapper.xcdatamodel; path = assignment6.xcdatamodel; sourceTree = "<group>"; };
/* End PBXFileReference section */

/* Begin PBXFrameworksBuildPhase section */
		AA5F8DDB217568A400613CD9 /* Frameworks */ = {
			isa = PBXFrameworksBuildPhase;
			buildActionMask = 2147483647;
			files = (
			);
			runOnlyForDeploymentPostprocessing = 0;
		};
/* End PBXFrameworksBuildPhase section */

/* Begin PBXGroup section */
		AA5F8DD5217568A400613CD9 = {
			isa = PBXGroup;
			children = (
				AA5F8DE0217568A400613CD9 /* assignment6 */,
				AA5F8DDF217568A400613CD9 /* Products */,
			);
			sourceTree = "<group>";
		};
		AA5F8DDF217568A400613CD9 /* Products */ = {
			isa = PBXGroup;
			children = (
				AA5F8DDE217568A400613CD9 /* assignment6.app */,
			);
			name = Products;
			sourceTree = "<group>";
		};
		AA5F8DE0217568A400613CD9 /* assignment6 */ = {
			isa = PBXGroup;
			children = (
				AA5F8DE1217568A400613CD9 /* AppDelegate.swift */,
				AA7BFC872178513200D68A46 /* AdventurerDetailViewController.swift */,
				AA8DCA572176DFE3007F08F1 /* assignment6.xcdatamodeld */,
				AA5F8DE3217568A400613CD9 /* ViewController.swift */,
				AA5F8DE5217568A400613CD9 /* Main.storyboard */,
				AA5F8DE8217568A400613CD9 /* Assets.xcassets */,
				AA5F8DEA217568A400613CD9 /* LaunchScreen.storyboard */,
				AA5F8DED217568A400613CD9 /* Info.plist */,
			);
			path = assignment6;
			sourceTree = "<group>";
		};
/* End PBXGroup section */

/* Begin PBXNativeTarget section */
		AA5F8DDD217568A400613CD9 /* assignment6 */ = {
			isa = PBXNativeTarget;
			buildConfigurationList = AA5F8DF0217568A400613CD9 /* Build configuration list for PBXNativeTarget "assignment6" */;
			buildPhases = (
				AA5F8DDA217568A400613CD9 /* Sources */,
				AA5F8DDB217568A400613CD9 /* Frameworks */,
				AA5F8DDC217568A400613CD9 /* Resources */,
			);
			buildRules = (
			);
			dependencies = (
			);
			name = assignment6;
			productName = assignment6;
			productReference = AA5F8DDE217568A400613CD9 /* assignment6.app */;
			productType = "com.apple.product-type.application";
		};
/* End PBXNativeTarget section */

/* Begin PBXProject section */
		AA5F8DD6217568A400613CD9 /* Project object */ = {
			isa = PBXProject;
			attributes = {
				LastSwiftUpdateCheck = 1000;
				LastUpgradeCheck = 1000;
				ORGANIZATIONNAME = MobileComputing;
				TargetAttributes = {
					AA5F8DDD217568A400613CD9 = {
						CreatedOnToolsVersion = 10.0;
					};
				};
			};
			buildConfigurationList = AA5F8DD9217568A400613CD9 /* Build configuration list for PBXProject "assignment6" */;
			compatibilityVersion = "Xcode 9.3";
			developmentRegion = en;
			hasScannedForEncodings = 0;
			knownRegions = (
				en,
				Base,
			);
			mainGroup = AA5F8DD5217568A400613CD9;
			productRefGroup = AA5F8DDF217568A400613CD9 /* Products */;
			projectDirPath = "";
			projectRoot = "";
			targets = (
				AA5F8DDD217568A400613CD9 /* assignment6 */,
			);
		};
/* End PBXProject section */

/* Begin PBXResourcesBuildPhase section */
		AA5F8DDC217568A400613CD9 /* Resources */ = {
			isa = PBXResourcesBuildPhase;
			buildActionMask = 2147483647;
			files = (
				AA5F8DEC217568A400613CD9 /* LaunchScreen.storyboard in Resources */,
				AA5F8DE9217568A400613CD9 /* Assets.xcassets in Resources */,
				AA5F8DE7217568A400613CD9 /* Main.storyboard in Resources */,
			);
			runOnlyForDeploymentPostprocessing = 0;
		};
/* End PBXResourcesBuildPhase section */

/* Begin PBXSourcesBuildPhase section */
		AA5F8DDA217568A400613CD9 /* Sources */ = {
			isa = PBXSourcesBuildPhase;
			buildActionMask = 2147483647;
			files = (
				AA8DCA592176DFE3007F08F1 /* assignment6.xcdatamodeld in Sources */,
				AA7BFC882178513200D68A46 /* AdventurerDetailViewController.swift in Sources */,
				AA5F8DE4217568A400613CD9 /* ViewController.swift in Sources */,
				AA5F8DE2217568A400613CD9 /* AppDelegate.swift in Sources */,
			);
			runOnlyForDeploymentPostprocessing = 0;
		};
/* End PBXSourcesBuildPhase section */

/* Begin PBXVariantGroup section */
		AA5F8DE5217568A400613CD9 /* Main.storyboard */ = {
			isa = PBXVariantGroup;
			children = (
				AA5F8DE6217568A400613CD9 /* Base */,
			);
			name = Main.storyboard;
			sourceTree = "<group>";
		};
		AA5F8DEA217568A400613CD9 /* LaunchScreen.storyboard */ = {
			isa = PBXVariantGroup;
			children = (
				AA5F8DEB217568A400613CD9 /* Base */,
			);
			name = LaunchScreen.storyboard;
			sourceTree = "<group>";
		};
/* End PBXVariantGroup section */

/* Begin XCBuildConfiguration section */
		AA5F8DEE217568A400613CD9 /* Debug */ = {
			isa = XCBuildConfiguration;
			buildSettings = {
				ALWAYS_SEARCH_USER_PATHS = NO;
				CLANG_ANALYZER_NONNULL = YES;
				CLANG_ANALYZER_NUMBER_OBJECT_CONVERSION = YES_AGGRESSIVE;
				CLANG_CXX_LANGUAGE_STANDARD = "gnu++14";
				CLANG_CXX_LIBRARY = "libc++";
				CLANG_ENABLE_MODULES = YES;
				CLANG_ENABLE_OBJC_ARC = YES;
				CLANG_ENABLE_OBJC_WEAK = YES;
				CLANG_WARN_BLOCK_CAPTURE_AUTORELEASING = YES;
				CLANG_WARN_BOOL_CONVERSION = YES;
				CLANG_WARN_COMMA = YES;
				CLANG_WARN_CONSTANT_CONVERSION = YES;
				CLANG_WARN_DEPRECATED_OBJC_IMPLEMENTATIONS = YES;
				CLANG_WARN_DIRECT_OBJC_ISA_USAGE = YES_ERROR;
				CLANG_WARN_DOCUMENTATION_COMMENTS = YES;
				CLANG_WARN_EMPTY_BODY = YES;
				CLANG_WARN_ENUM_CONVERSION = YES;
				CLANG_WARN_INFINITE_RECURSION = YES;
				CLANG_WARN_INT_CONVERSION = YES;
				CLANG_WARN_NON_LITERAL_NULL_CONVERSION = YES;
				CLANG_WARN_OBJC_IMPLICIT_RETAIN_SELF = YES;
				CLANG_WARN_OBJC_LITERAL_CONVERSION = YES;
				CLANG_WARN_OBJC_ROOT_CLASS = YES_ERROR;
				CLANG_WARN_RANGE_LOOP_ANALYSIS = YES;
				CLANG_WARN_STRICT_PROTOTYPES = YES;
				CLANG_WARN_SUSPICIOUS_MOVE = YES;
				CLANG_WARN_UNGUARDED_AVAILABILITY = YES_AGGRESSIVE;
				CLANG_WARN_UNREACHABLE_CODE = YES;
				CLANG_WARN__DUPLICATE_METHOD_MATCH = YES;
				CODE_SIGN_IDENTITY = "iPhone Developer";
				COPY_PHASE_STRIP = NO;
				DEBUG_INFORMATION_FORMAT = dwarf;
				ENABLE_STRICT_OBJC_MSGSEND = YES;
				ENABLE_TESTABILITY = YES;
				GCC_C_LANGUAGE_STANDARD = gnu11;
				GCC_DYNAMIC_NO_PIC = NO;
				GCC_NO_COMMON_BLOCKS = YES;
				GCC_OPTIMIZATION_LEVEL = 0;
				GCC_PREPROCESSOR_DEFINITIONS = (
					"DEBUG=1",
					"$(inherited)",
				);
				GCC_WARN_64_TO_32_BIT_CONVERSION = YES;
				GCC_WARN_ABOUT_RETURN_TYPE = YES_ERROR;
				GCC_WARN_UNDECLARED_SELECTOR = YES;
				GCC_WARN_UNINITIALIZED_AUTOS = YES_AGGRESSIVE;
				GCC_WARN_UNUSED_FUNCTION = YES;
				GCC_WARN_UNUSED_VARIABLE = YES;
				IPHONEOS_DEPLOYMENT_TARGET = 12.0;
				MTL_ENABLE_DEBUG_INFO = INCLUDE_SOURCE;
				MTL_FAST_MATH = YES;
				ONLY_ACTIVE_ARCH = YES;
				SDKROOT = iphoneos;
				SWIFT_ACTIVE_COMPILATION_CONDITIONS = DEBUG;
				SWIFT_OPTIMIZATION_LEVEL = "-Onone";
			};
			name = Debug;
		};
		AA5F8DEF217568A400613CD9 /* Release */ = {
			isa = XCBuildConfiguration;
			buildSettings = {
				ALWAYS_SEARCH_USER_PATHS = NO;
				CLANG_ANALYZER_NONNULL = YES;
				CLANG_ANALYZER_NUMBER_OBJECT_CONVERSION = YES_AGGRESSIVE;
				CLANG_CXX_LANGUAGE_STANDARD = "gnu++14";
				CLANG_CXX_LIBRARY = "libc++";
				CLANG_ENABLE_MODULES = YES;
				CLANG_ENABLE_OBJC_ARC = YES;
				CLANG_ENABLE_OBJC_WEAK = YES;
				CLANG_WARN_BLOCK_CAPTURE_AUTORELEASING = YES;
				CLANG_WARN_BOOL_CONVERSION = YES;
				CLANG_WARN_COMMA = YES;
				CLANG_WARN_CONSTANT_CONVERSION = YES;
				CLANG_WARN_DEPRECATED_OBJC_IMPLEMENTATIONS = YES;
				CLANG_WARN_DIRECT_OBJC_ISA_USAGE = YES_ERROR;
				CLANG_WARN_DOCUMENTATION_COMMENTS = YES;
				CLANG_WARN_EMPTY_BODY = YES;
				CLANG_WARN_ENUM_CONVERSION = YES;
				CLANG_WARN_INFINITE_RECURSION = YES;
				CLANG_WARN_INT_CONVERSION = YES;
				CLANG_WARN_NON_LITERAL_NULL_CONVERSION = YES;
				CLANG_WARN_OBJC_IMPLICIT_RETAIN_SELF = YES;
				CLANG_WARN_OBJC_LITERAL_CONVERSION = YES;
				CLANG_WARN_OBJC_ROOT_CLASS = YES_ERROR;
				CLANG_WARN_RANGE_LOOP_ANALYSIS = YES;
				CLANG_WARN_STRICT_PROTOTYPES = YES;
				CLANG_WARN_SUSPICIOUS_MOVE = YES;
				CLANG_WARN_UNGUARDED_AVAILABILITY = YES_AGGRESSIVE;
				CLANG_WARN_UNREACHABLE_CODE = YES;
				CLANG_WARN__DUPLICATE_METHOD_MATCH = YES;
				CODE_SIGN_IDENTITY = "iPhone Developer";
				COPY_PHASE_STRIP = NO;
				DEBUG_INFORMATION_FORMAT = "dwarf-with-dsym";
				ENABLE_NS_ASSERTIONS = NO;
				ENABLE_STRICT_OBJC_MSGSEND = YES;
				GCC_C_LANGUAGE_STANDARD = gnu11;
				GCC_NO_COMMON_BLOCKS = YES;
				GCC_WARN_64_TO_32_BIT_CONVERSION = YES;
				GCC_WARN_ABOUT_RETURN_TYPE = YES_ERROR;
				GCC_WARN_UNDECLARED_SELECTOR = YES;
				GCC_WARN_UNINITIALIZED_AUTOS = YES_AGGRESSIVE;
				GCC_WARN_UNUSED_FUNCTION = YES;
				GCC_WARN_UNUSED_VARIABLE = YES;
				IPHONEOS_DEPLOYMENT_TARGET = 12.0;
				MTL_ENABLE_DEBUG_INFO = NO;
				MTL_FAST_MATH = YES;
				SDKROOT = iphoneos;
				SWIFT_COMPILATION_MODE = wholemodule;
				SWIFT_OPTIMIZATION_LEVEL = "-O";
				VALIDATE_PRODUCT = YES;
			};
			name = Release;
		};
		AA5F8DF1217568A400613CD9 /* Debug */ = {
			isa = XCBuildConfiguration;
			buildSettings = {
				ASSETCATALOG_COMPILER_APPICON_NAME = AppIcon;
				CODE_SIGN_STYLE = Automatic;
				INFOPLIST_FILE = assignment6/Info.plist;
				LD_RUNPATH_SEARCH_PATHS = (
					"$(inherited)",
					"@executable_path/Frameworks",
				);
				PRODUCT_BUNDLE_IDENTIFIER = CS329E.assignment6;
				PRODUCT_NAME = "$(TARGET_NAME)";
				SWIFT_VERSION = 4.2;
				TARGETED_DEVICE_FAMILY = "1,2";
			};
			name = Debug;
		};
		AA5F8DF2217568A400613CD9 /* Release */ = {
			isa = XCBuildConfiguration;
			buildSettings = {
				ASSETCATALOG_COMPILER_APPICON_NAME = AppIcon;
				CODE_SIGN_STYLE = Automatic;
				INFOPLIST_FILE = assignment6/Info.plist;
				LD_RUNPATH_SEARCH_PATHS = (
					"$(inherited)",
					"@executable_path/Frameworks",
				);
				PRODUCT_BUNDLE_IDENTIFIER = CS329E.assignment6;
				PRODUCT_NAME = "$(TARGET_NAME)";
				SWIFT_VERSION = 4.2;
				TARGETED_DEVICE_FAMILY = "1,2";
			};
			name = Release;
		};
/* End XCBuildConfiguration section */

/* Begin XCConfigurationList section */
		AA5F8DD9217568A400613CD9 /* Build configuration list for PBXProject "assignment6" */ = {
			isa = XCConfigurationList;
			buildConfigurations = (
				AA5F8DEE217568A400613CD9 /* Debug */,
				AA5F8DEF217568A400613CD9 /* Release */,
			);
			defaultConfigurationIsVisible = 0;
			defaultConfigurationName = Release;
		};
		AA5F8DF0217568A400613CD9 /* Build configuration list for PBXNativeTarget "assignment6" */ = {
			isa = XCConfigurationList;
			buildConfigurations = (
				AA5F8DF1217568A400613CD9 /* Debug */,
				AA5F8DF2217568A400613CD9 /* Release */,
			);
			defaultConfigurationIsVisible = 0;
			defaultConfigurationName = Release;
		};
/* End XCConfigurationList section */

/* Begin XCVersionGroup section */
		AA8DCA572176DFE3007F08F1 /* assignment6.xcdatamodeld */ = {
			isa = XCVersionGroup;
			children = (
				AA8DCA582176DFE3007F08F1 /* assignment6.xcdatamodel */,
			);
			currentVersion = AA8DCA582176DFE3007F08F1 /* assignment6.xcdatamodel */;
			path = assignment6.xcdatamodeld;
			sourceTree = "<group>";
			versionGroupType = wrapper.xcdatamodel;
		};
/* End XCVersionGroup section */
	};
	rootObject = AA5F8DD6217568A400613CD9 /* Project object */;
}
